
Microsoft Visual Studio Solution File, Format Version 12.00
# Visual Studio Version 17
VisualStudioVersion = 17.0.32014.148
MinimumVisualStudioVersion = 10.0.40219.1
Project("{FAE04EC0-301F-11D3-BF4B-00C04F79EFBC}") = "WebApiConsist", "WebApiConsist\WebApiConsist.csproj", "{FC36A781-2F50-409E-A8E7-36217C486056}"
EndProject
Global
	GlobalSection(SolutionConfigurationPlatforms) = preSolution
		Debug|Any CPU = Debug|Any CPU
		Release|Any CPU = Release|Any CPU
	EndGlobalSection
	GlobalSection(ProjectConfigurationPlatforms) = postSolution
		{FC36A781-2F50-409E-A8E7-36217C486056}.Debug|Any CPU.ActiveCfg = Debug|Any CPU
		{FC36A781-2F50-409E-A8E7-36217C486056}.Debug|Any CPU.Build.0 = Debug|Any CPU
		{FC36A781-2F50-409E-A8E7-36217C486056}.Release|Any CPU.ActiveCfg = Release|Any CPU
		{FC36A781-2F50-409E-A8E7-36217C486056}.Release|Any CPU.Build.0 = Release|Any CPU
	EndGlobalSection
	GlobalSection(SolutionProperties) = preSolution
		HideSolutionNode = FALSE
	EndGlobalSection
	GlobalSection(ExtensibilityGlobals) = postSolution
		SolutionGuid = {0E32F80B-A3A3-425F-B414-8AD6D4485D82}
	EndGlobalSection
EndGlobal
